
Microsoft Visual Studio Solution File, Format Version 12.00
# Visual Studio Version 16
VisualStudioVersion = 16.0.29806.167
MinimumVisualStudioVersion = 10.0.40219.1
Project("{FAE04EC0-301F-11D3-BF4B-00C04F79EFBC}") = "Advisor", "Advisor\Advisor.csproj", "{392B67C8-4A13-4259-AA0F-09F3B0AC7669}"
EndProject
Global
	GlobalSection(SolutionConfigurationPlatforms) = preSolution
		Debug|Any CPU = Debug|Any CPU
		Release|Any CPU = Release|Any CPU
	EndGlobalSection
	GlobalSection(ProjectConfigurationPlatforms) = postSolution
		{392B67C8-4A13-4259-AA0F-09F3B0AC7669}.Debug|Any CPU.ActiveCfg = Debug|Any CPU
		{392B67C8-4A13-4259-AA0F-09F3B0AC7669}.Debug|Any CPU.Build.0 = Debug|Any CPU
		{392B67C8-4A13-4259-AA0F-09F3B0AC7669}.Release|Any CPU.ActiveCfg = Release|Any CPU
		{392B67C8-4A13-4259-AA0F-09F3B0AC7669}.Release|Any CPU.Build.0 = Release|Any CPU
	EndGlobalSection
	GlobalSection(SolutionProperties) = preSolution
		HideSolutionNode = FALSE
	EndGlobalSection
	GlobalSection(ExtensibilityGlobals) = postSolution
		SolutionGuid = {4078C3E6-130E-47D6-8B14-925C612CFEC1}
	EndGlobalSection
EndGlobal
